
Microsoft Visual Studio Solution File, Format Version 12.00
# Visual Studio 14
VisualStudioVersion = 14.0.25420.1
MinimumVisualStudioVersion = 10.0.40219.1
Project("{FAE04EC0-301F-11D3-BF4B-00C04F79EFBC}") = "Vectors", "Vectors\Vectors.csproj", "{B3FE39A1-A2A6-48BA-A38E-A54510528161}"
EndProject
Project("{FAE04EC0-301F-11D3-BF4B-00C04F79EFBC}") = "Range", "Ranges\Range.csproj", "{5EBFD514-4728-46A1-9BC4-38BA068A6993}"
EndProject
Project("{FAE04EC0-301F-11D3-BF4B-00C04F79EFBC}") = "Shape", "Shapes\Shape.csproj", "{57D5B756-9479-4821-AAA6-2278EF958019}"
EndProject
Project("{FAE04EC0-301F-11D3-BF4B-00C04F79EFBC}") = "Matrix", "Matrixes\Matrix.csproj", "{F41FD9ED-3752-42D3-ACDA-3886E63BEAD4}"
EndProject
Project("{FAE04EC0-301F-11D3-BF4B-00C04F79EFBC}") = "List", "List\List.csproj", "{97F36ECA-5EF7-4E73-95BE-6EC71A0E8ED6}"
EndProject
Global
	GlobalSection(SolutionConfigurationPlatforms) = preSolution
		Debug|Any CPU = Debug|Any CPU
		Release|Any CPU = Release|Any CPU
	EndGlobalSection
	GlobalSection(ProjectConfigurationPlatforms) = postSolution
		{B3FE39A1-A2A6-48BA-A38E-A54510528161}.Debug|Any CPU.ActiveCfg = Debug|Any CPU
		{B3FE39A1-A2A6-48BA-A38E-A54510528161}.Debug|Any CPU.Build.0 = Debug|Any CPU
		{B3FE39A1-A2A6-48BA-A38E-A54510528161}.Release|Any CPU.ActiveCfg = Release|Any CPU
		{B3FE39A1-A2A6-48BA-A38E-A54510528161}.Release|Any CPU.Build.0 = Release|Any CPU
		{5EBFD514-4728-46A1-9BC4-38BA068A6993}.Debug|Any CPU.ActiveCfg = Debug|Any CPU
		{5EBFD514-4728-46A1-9BC4-38BA068A6993}.Debug|Any CPU.Build.0 = Debug|Any CPU
		{5EBFD514-4728-46A1-9BC4-38BA068A6993}.Release|Any CPU.ActiveCfg = Release|Any CPU
		{5EBFD514-4728-46A1-9BC4-38BA068A6993}.Release|Any CPU.Build.0 = Release|Any CPU
		{57D5B756-9479-4821-AAA6-2278EF958019}.Debug|Any CPU.ActiveCfg = Debug|Any CPU
		{57D5B756-9479-4821-AAA6-2278EF958019}.Debug|Any CPU.Build.0 = Debug|Any CPU
		{57D5B756-9479-4821-AAA6-2278EF958019}.Release|Any CPU.ActiveCfg = Release|Any CPU
		{57D5B756-9479-4821-AAA6-2278EF958019}.Release|Any CPU.Build.0 = Release|Any CPU
		{F41FD9ED-3752-42D3-ACDA-3886E63BEAD4}.Debug|Any CPU.ActiveCfg = Debug|Any CPU
		{F41FD9ED-3752-42D3-ACDA-3886E63BEAD4}.Debug|Any CPU.Build.0 = Debug|Any CPU
		{F41FD9ED-3752-42D3-ACDA-3886E63BEAD4}.Release|Any CPU.ActiveCfg = Release|Any CPU
		{F41FD9ED-3752-42D3-ACDA-3886E63BEAD4}.Release|Any CPU.Build.0 = Release|Any CPU
		{97F36ECA-5EF7-4E73-95BE-6EC71A0E8ED6}.Debug|Any CPU.ActiveCfg = Debug|Any CPU
		{97F36ECA-5EF7-4E73-95BE-6EC71A0E8ED6}.Debug|Any CPU.Build.0 = Debug|Any CPU
		{97F36ECA-5EF7-4E73-95BE-6EC71A0E8ED6}.Release|Any CPU.ActiveCfg = Release|Any CPU
		{97F36ECA-5EF7-4E73-95BE-6EC71A0E8ED6}.Release|Any CPU.Build.0 = Release|Any CPU
	EndGlobalSection
	GlobalSection(SolutionProperties) = preSolution
		HideSolutionNode = FALSE
	EndGlobalSection
EndGlobal
